{
    "_meta": {
        "hash": {
            "sha256": "522ead65120a1ecf3760212495f42a15cefe3bf83491506dc16e6dafbc8fa3a7"
        },
        "pipfile-spec": 6,
        "requires": {
            "python_version": "3.6"
        },
        "sources": [
            {
                "name": "pypi",
                "url": "https://pypi.python.org/simple",
                "verify_ssl": true
            }
        ]
    },
    "default": {
        "django": {
            "hashes": [
                "sha256:18986bcffe69653a84eaf1faa1fa5a7eded32cee41cfecc77fdc65a3e046404d",
                "sha256:46adfe8e0abe4d1f026c1086889970b611aec492784fbdfbdaabc2457360a4a5"
            ],
            "index": "pypi",
            "version": "==1.11.13"
        },
        "pytz": {
            "hashes": [
                "sha256:a061aa0a9e06881eb8b3b2b43f05b9439d6583c206d0a6c340ff72a7b6669053",
                "sha256:ffb9ef1de172603304d9d2819af6f5ece76f2e85ec10692a524dd876e72bf277"
            ],
            "version": "==2018.5"
        }
    },
    "develop": {
        "selenium": {
            "hashes": [
                "sha256:6f4c7727d44034b8d635d7cf1c3377f76efc95e192ed5cfb97e0057fe5a92d44",
                "sha256:f35bb209cab740c195276a323c1b750dbcfdb9f6983e7d6e3abba9cd8838f355"
            ],
            "index": "pypi",
            "version": "==3.13.0"
        }
    }
}
